PODS:
  - FBSnapshotTestCase (2.1.4):
    - FBSnapshotTestCase/SwiftSupport (= 2.1.4)
  - FBSnapshotTestCase/Core (2.1.4)
  - FBSnapshotTestCase/SwiftSupport (2.1.4):
    - FBSnapshotTestCase/Core
  - MyOtherPodss (0.1.0)

DEPENDENCIES:
  - FBSnapshotTestCase
  - MyOtherPodss (from `../`)

SPEC REPOS:
  trunk:
    - FBSnapshotTestCase

EXTERNAL SOURCES:
  MyOtherPodss:
    :path: "../"

SPEC CHECKSUMS:
  FBSnapshotTestCase: 094f9f314decbabe373b87cc339bea235a63e07a
  MyOtherPodss: dc210934f7a79358dc5f10dc2e51cc836b8a3244

PODFILE CHECKSUM: 7ad11ffe33004e42bc54d44e35466df66606f10f

COCOAPODS: 1.10.1
